
Microsoft Visual Studio Solution File, Format Version 12.00
# Visual Studio Version 17
VisualStudioVersion = 17.13.36105.23 d17.13
MinimumVisualStudioVersion = 10.0.40219.1
Project("{FAE04EC0-301F-11D3-BF4B-00C04F79EFBC}") = "LibraryManagementSystem", "LibraryManagementSystem\LibraryManagementSystem.csproj", "{CA78C267-27E3-4765-AB0C-76AF68AF6747}"
EndProject
Global
	GlobalSection(SolutionConfigurationPlatforms) = preSolution
		Debug|Any CPU = Debug|Any CPU
		Release|Any CPU = Release|Any CPU
	EndGlobalSection
	GlobalSection(ProjectConfigurationPlatforms) = postSolution
		{CA78C267-27E3-4765-AB0C-76AF68AF6747}.Debug|Any CPU.ActiveCfg = Debug|Any CPU
		{CA78C267-27E3-4765-AB0C-76AF68AF6747}.Debug|Any CPU.Build.0 = Debug|Any CPU
		{CA78C267-27E3-4765-AB0C-76AF68AF6747}.Release|Any CPU.ActiveCfg = Release|Any CPU
		{CA78C267-27E3-4765-AB0C-76AF68AF6747}.Release|Any CPU.Build.0 = Release|Any CPU
	EndGlobalSection
	GlobalSection(SolutionProperties) = preSolution
		HideSolutionNode = FALSE
	EndGlobalSection
	GlobalSection(ExtensibilityGlobals) = postSolution
		SolutionGuid = {7DF7583A-487A-4E8E-98D8-EC5660B75869}
	EndGlobalSection
EndGlobal
